
Microsoft Visual Studio Solution File, Format Version 12.00
# Visual Studio Version 17
VisualStudioVersion = 17.1.31903.286
MinimumVisualStudioVersion = 10.0.40219.1
Project("{FAE04EC0-301F-11D3-BF4B-00C04F79EFBC}") = "LinkConverter.Domain", "LinkConverter.Domain\LinkConverter.Domain.csproj", "{A97F714F-D7B3-461B-A6D8-58C09A26AB03}"
EndProject
Project("{FAE04EC0-301F-11D3-BF4B-00C04F79EFBC}") = "LinkConverter.Webapi", "LinkConverter.Webapi\LinkConverter.Webapi.csproj", "{16258A6E-8194-407E-A662-ADD34F11FF17}"
EndProject
Project("{FAE04EC0-301F-11D3-BF4B-00C04F79EFBC}") = "LinkConverter.Application", "LinkConverter.Application\LinkConverter.Application.csproj", "{5DA4861B-0AEC-49F1-8CBC-7F3C2D6F7B68}"
EndProject
Project("{FAE04EC0-301F-11D3-BF4B-00C04F79EFBC}") = "LinkConverter.Service", "LinkConverter.Service\LinkConverter.Service.csproj", "{57091F90-3CEC-4208-A093-95B1DA52BCBD}"
EndProject
Project("{FAE04EC0-301F-11D3-BF4B-00C04F79EFBC}") = "LinkConverter.Repository.EFPostgresql", "LinkConverter.Repository.EFPostgresql\LinkConverter.Repository.EFPostgresql.csproj", "{7B6EBD26-4C26-416B-B238-A3A4FE4456A1}"
EndProject
Project("{FAE04EC0-301F-11D3-BF4B-00C04F79EFBC}") = "LinkConverter.Tests", "LinkConverter.Tests\LinkConverter.Tests.csproj", "{3AC57CDF-06A1-4015-9B13-2208756CD368}"
EndProject
Global
	GlobalSection(SolutionConfigurationPlatforms) = preSolution
		Debug|Any CPU = Debug|Any CPU
		Release|Any CPU = Release|Any CPU
	EndGlobalSection
	GlobalSection(ProjectConfigurationPlatforms) = postSolution
		{A97F714F-D7B3-461B-A6D8-58C09A26AB03}.Debug|Any CPU.ActiveCfg = Debug|Any CPU
		{A97F714F-D7B3-461B-A6D8-58C09A26AB03}.Debug|Any CPU.Build.0 = Debug|Any CPU
		{A97F714F-D7B3-461B-A6D8-58C09A26AB03}.Release|Any CPU.ActiveCfg = Release|Any CPU
		{A97F714F-D7B3-461B-A6D8-58C09A26AB03}.Release|Any CPU.Build.0 = Release|Any CPU
		{16258A6E-8194-407E-A662-ADD34F11FF17}.Debug|Any CPU.ActiveCfg = Debug|Any CPU
		{16258A6E-8194-407E-A662-ADD34F11FF17}.Debug|Any CPU.Build.0 = Debug|Any CPU
		{16258A6E-8194-407E-A662-ADD34F11FF17}.Release|Any CPU.ActiveCfg = Release|Any CPU
		{16258A6E-8194-407E-A662-ADD34F11FF17}.Release|Any CPU.Build.0 = Release|Any CPU
		{5DA4861B-0AEC-49F1-8CBC-7F3C2D6F7B68}.Debug|Any CPU.ActiveCfg = Debug|Any CPU
		{5DA4861B-0AEC-49F1-8CBC-7F3C2D6F7B68}.Debug|Any CPU.Build.0 = Debug|Any CPU
		{5DA4861B-0AEC-49F1-8CBC-7F3C2D6F7B68}.Release|Any CPU.ActiveCfg = Release|Any CPU
		{5DA4861B-0AEC-49F1-8CBC-7F3C2D6F7B68}.Release|Any CPU.Build.0 = Release|Any CPU
		{57091F90-3CEC-4208-A093-95B1DA52BCBD}.Debug|Any CPU.ActiveCfg = Debug|Any CPU
		{57091F90-3CEC-4208-A093-95B1DA52BCBD}.Debug|Any CPU.Build.0 = Debug|Any CPU
		{57091F90-3CEC-4208-A093-95B1DA52BCBD}.Release|Any CPU.ActiveCfg = Release|Any CPU
		{57091F90-3CEC-4208-A093-95B1DA52BCBD}.Release|Any CPU.Build.0 = Release|Any CPU
		{7B6EBD26-4C26-416B-B238-A3A4FE4456A1}.Debug|Any CPU.ActiveCfg = Debug|Any CPU
		{7B6EBD26-4C26-416B-B238-A3A4FE4456A1}.Debug|Any CPU.Build.0 = Debug|Any CPU
		{7B6EBD26-4C26-416B-B238-A3A4FE4456A1}.Release|Any CPU.ActiveCfg = Release|Any CPU
		{7B6EBD26-4C26-416B-B238-A3A4FE4456A1}.Release|Any CPU.Build.0 = Release|Any CPU
		{3AC57CDF-06A1-4015-9B13-2208756CD368}.Debug|Any CPU.ActiveCfg = Debug|Any CPU
		{3AC57CDF-06A1-4015-9B13-2208756CD368}.Debug|Any CPU.Build.0 = Debug|Any CPU
		{3AC57CDF-06A1-4015-9B13-2208756CD368}.Release|Any CPU.ActiveCfg = Release|Any CPU
		{3AC57CDF-06A1-4015-9B13-2208756CD368}.Release|Any CPU.Build.0 = Release|Any CPU
	EndGlobalSection
	GlobalSection(SolutionProperties) = preSolution
		HideSolutionNode = FALSE
	EndGlobalSection
	GlobalSection(ExtensibilityGlobals) = postSolution
		SolutionGuid = {AC1AAC4D-9DDB-49E3-A16E-E910D32C8BFD}
	EndGlobalSection
EndGlobal
